
Microsoft Visual Studio Solution File, Format Version 12.00
# Visual Studio Version 16
VisualStudioVersion = 16.0.32228.343
MinimumVisualStudioVersion = 10.0.40219.1
Project("{9A19103F-16F7-4668-BE54-9A1E7A4F7556}") = "N2 1BIM LP1", "N2 1BIM LP1\N2 1BIM LP1.csproj", "{7B442DA4-782B-4785-907D-1EAC72EDD275}"
EndProject
Global
	GlobalSection(SolutionConfigurationPlatforms) = preSolution
		Debug|Any CPU = Debug|Any CPU
		Release|Any CPU = Release|Any CPU
	EndGlobalSection
	GlobalSection(ProjectConfigurationPlatforms) = postSolution
		{7B442DA4-782B-4785-907D-1EAC72EDD275}.Debug|Any CPU.ActiveCfg = Debug|Any CPU
		{7B442DA4-782B-4785-907D-1EAC72EDD275}.Debug|Any CPU.Build.0 = Debug|Any CPU
		{7B442DA4-782B-4785-907D-1EAC72EDD275}.Release|Any CPU.ActiveCfg = Release|Any CPU
		{7B442DA4-782B-4785-907D-1EAC72EDD275}.Release|Any CPU.Build.0 = Release|Any CPU
	EndGlobalSection
	GlobalSection(SolutionProperties) = preSolution
		HideSolutionNode = FALSE
	EndGlobalSection
	GlobalSection(ExtensibilityGlobals) = postSolution
		SolutionGuid = {DCB17B09-5D0A-4957-8A15-2F16599929A0}
	EndGlobalSection
EndGlobal
